// !$*UTF8*$!
{
	archiveVersion = 1;
	classes = {
	};
	objectVersion = 56;
	objects = {

/* Begin PBXBuildFile section */
		FF0E6E7C295ACAF00058FB0D /* AppDelegate.swift in Sources */ = {isa = PBXBuildFile; fileRef = FF0E6E7B295ACAF00058FB0D /* AppDelegate.swift */; };
		FF0E6E7E295ACAF00058FB0D /* SceneDelegate.swift in Sources */ = {isa = PBXBuildFile; fileRef = FF0E6E7D295ACAF00058FB0D /* SceneDelegate.swift */; };
		FF0E6E80295ACAF00058FB0D /* RMTabViewController.swift in Sources */ = {isa = PBXBuildFile; fileRef = FF0E6E7F295ACAF00058FB0D /* RMTabViewController.swift */; };
		FF0E6E85295ACAF50058FB0D /* Assets.xcassets in Resources */ = {isa = PBXBuildFile; fileRef = FF0E6E84295ACAF50058FB0D /* Assets.xcassets */; };
		FF0E6E88295ACAF50058FB0D /* LaunchScreen.storyboard in Resources */ = {isa = PBXBuildFile; fileRef = FF0E6E86295ACAF50058FB0D /* LaunchScreen.storyboard */; };
		FF0E6E98295ACED30058FB0D /* RMLocation.swift in Sources */ = {isa = PBXBuildFile; fileRef = FF0E6E97295ACED30058FB0D /* RMLocation.swift */; };
		FF0E6E9A295ACEEC0058FB0D /* RMCharacter.swift in Sources */ = {isa = PBXBuildFile; fileRef = FF0E6E99295ACEEC0058FB0D /* RMCharacter.swift */; };
		FF0E6E9C295ACF0B0058FB0D /* RMEpisode.swift in Sources */ = {isa = PBXBuildFile; fileRef = FF0E6E9B295ACF0B0058FB0D /* RMEpisode.swift */; };
		FF0E6EA1295AD06C0058FB0D /* RMCharacterViewController.swift in Sources */ = {isa = PBXBuildFile; fileRef = FF0E6EA0295AD06C0058FB0D /* RMCharacterViewController.swift */; };
		FF0E6EA3295AD0930058FB0D /* RMLocationViewController.swift in Sources */ = {isa = PBXBuildFile; fileRef = FF0E6EA2295AD0920058FB0D /* RMLocationViewController.swift */; };
		FF0E6EA5295AD0AA0058FB0D /* RMEpisodeViewController.swift in Sources */ = {isa = PBXBuildFile; fileRef = FF0E6EA4295AD0AA0058FB0D /* RMEpisodeViewController.swift */; };
		FF0E6EA7295AD0C20058FB0D /* RMSettiingViewController.swift in Sources */ = {isa = PBXBuildFile; fileRef = FF0E6EA6295AD0C20058FB0D /* RMSettiingViewController.swift */; };
/* End PBXBuildFile section */

/* Begin PBXFileReference section */
		FF0E6E78295ACAF00058FB0D /* RickAndMocky.app */ = {isa = PBXFileReference; explicitFileType = wrapper.application; includeInIndex = 0; path = RickAndMocky.app; sourceTree = BUILT_PRODUCTS_DIR; };
		FF0E6E7B295ACAF00058FB0D /* AppDelegate.swift */ = {isa = PBXFileReference; lastKnownFileType = sourcecode.swift; path = AppDelegate.swift; sourceTree = "<group>"; };
		FF0E6E7D295ACAF00058FB0D /* SceneDelegate.swift */ = {isa = PBXFileReference; lastKnownFileType = sourcecode.swift; path = SceneDelegate.swift; sourceTree = "<group>"; };
		FF0E6E7F295ACAF00058FB0D /* RMTabViewController.swift */ = {isa = PBXFileReference; lastKnownFileType = sourcecode.swift; path = RMTabViewController.swift; sourceTree = "<group>"; };
		FF0E6E84295ACAF50058FB0D /* Assets.xcassets */ = {isa = PBXFileReference; lastKnownFileType = folder.assetcatalog; path = Assets.xcassets; sourceTree = "<group>"; };
		FF0E6E87295ACAF50058FB0D /* Base */ = {isa = PBXFileReference; lastKnownFileType = file.storyboard; name = Base; path = Base.lproj/LaunchScreen.storyboard; sourceTree = "<group>"; };
		FF0E6E89295ACAF50058FB0D /* Info.plist */ = {isa = PBXFileReference; lastKnownFileType = text.plist.xml; path = Info.plist; sourceTree = "<group>"; };
		FF0E6E97295ACED30058FB0D /* RMLocation.swift */ = {isa = PBXFileReference; lastKnownFileType = sourcecode.swift; path = RMLocation.swift; sourceTree = "<group>"; };
		FF0E6E99295ACEEC0058FB0D /* RMCharacter.swift */ = {isa = PBXFileReference; lastKnownFileType = sourcecode.swift; path = RMCharacter.swift; sourceTree = "<group>"; };
		FF0E6E9B295ACF0B0058FB0D /* RMEpisode.swift */ = {isa = PBXFileReference; lastKnownFileType = sourcecode.swift; path = RMEpisode.swift; sourceTree = "<group>"; };
		FF0E6EA0295AD06C0058FB0D /* RMCharacterViewController.swift */ = {isa = PBXFileReference; lastKnownFileType = sourcecode.swift; path = RMCharacterViewController.swift; sourceTree = "<group>"; };
		FF0E6EA2295AD0920058FB0D /* RMLocationViewController.swift */ = {isa = PBXFileReference; lastKnownFileType = sourcecode.swift; path = RMLocationViewController.swift; sourceTree = "<group>"; };
		FF0E6EA4295AD0AA0058FB0D /* RMEpisodeViewController.swift */ = {isa = PBXFileReference; lastKnownFileType = sourcecode.swift; path = RMEpisodeViewController.swift; sourceTree = "<group>"; };
		FF0E6EA6295AD0C20058FB0D /* RMSettiingViewController.swift */ = {isa = PBXFileReference; lastKnownFileType = sourcecode.swift; path = RMSettiingViewController.swift; sourceTree = "<group>"; };
/* End PBXFileReference section */

/* Begin PBXFrameworksBuildPhase section */
		FF0E6E75295ACAF00058FB0D /* Frameworks */ = {
			isa = PBXFrameworksBuildPhase;
			buildActionMask = 2147483647;
			files = (
			);
			runOnlyForDeploymentPostprocessing = 0;
		};
/* End PBXFrameworksBuildPhase section */

/* Begin PBXGroup section */
		FF0E6E6F295ACAEF0058FB0D = {
			isa = PBXGroup;
			children = (
				FF0E6E7A295ACAF00058FB0D /* RickAndMocky */,
				FF0E6E79295ACAF00058FB0D /* Products */,
			);
			sourceTree = "<group>";
		};
		FF0E6E79295ACAF00058FB0D /* Products */ = {
			isa = PBXGroup;
			children = (
				FF0E6E78295ACAF00058FB0D /* RickAndMocky.app */,
			);
			name = Products;
			sourceTree = "<group>";
		};
		FF0E6E7A295ACAF00058FB0D /* RickAndMocky */ = {
			isa = PBXGroup;
			children = (
				FF0E6E96295ACDC40058FB0D /* APIClient */,
				FF0E6E95295ACDBA0058FB0D /* Resources */,
				FF0E6E93295ACDA40058FB0D /* Manager */,
				FF0E6E92295ACD850058FB0D /* Views */,
				FF0E6E91295ACD750058FB0D /* ViewModels */,
				FF0E6E90295ACD6B0058FB0D /* Models */,
				FF0E6E8F295ACD610058FB0D /* Controller */,
				FF0E6E89295ACAF50058FB0D /* Info.plist */,
			);
			path = RickAndMocky;
			sourceTree = "<group>";
		};
		FF0E6E8F295ACD610058FB0D /* Controller */ = {
			isa = PBXGroup;
			children = (
				FF0E6E9D295ACFB90058FB0D /* Core */,
			);
			path = Controller;
			sourceTree = "<group>";
		};
		FF0E6E90295ACD6B0058FB0D /* Models */ = {
			isa = PBXGroup;
			children = (
				FF0E6E97295ACED30058FB0D /* RMLocation.swift */,
				FF0E6E99295ACEEC0058FB0D /* RMCharacter.swift */,
				FF0E6E9B295ACF0B0058FB0D /* RMEpisode.swift */,
			);
			path = Models;
			sourceTree = "<group>";
		};
		FF0E6E91295ACD750058FB0D /* ViewModels */ = {
			isa = PBXGroup;
			children = (
			);
			path = ViewModels;
			sourceTree = "<group>";
		};
		FF0E6E92295ACD850058FB0D /* Views */ = {
			isa = PBXGroup;
			children = (
			);
			path = Views;
			sourceTree = "<group>";
		};
		FF0E6E93295ACDA40058FB0D /* Manager */ = {
			isa = PBXGroup;
			children = (
			);
			path = Manager;
			sourceTree = "<group>";
		};
		FF0E6E95295ACDBA0058FB0D /* Resources */ = {
			isa = PBXGroup;
			children = (
				FF0E6E7B295ACAF00058FB0D /* AppDelegate.swift */,
				FF0E6E7D295ACAF00058FB0D /* SceneDelegate.swift */,
				FF0E6E84295ACAF50058FB0D /* Assets.xcassets */,
				FF0E6E86295ACAF50058FB0D /* LaunchScreen.storyboard */,
			);
			name = Resources;
			sourceTree = "<group>";
		};
		FF0E6E96295ACDC40058FB0D /* APIClient */ = {
			isa = PBXGroup;
			children = (
			);
			path = APIClient;
			sourceTree = "<group>";
		};
		FF0E6E9D295ACFB90058FB0D /* Core */ = {
			isa = PBXGroup;
			children = (
				FF0E6E7F295ACAF00058FB0D /* RMTabViewController.swift */,
				FF0E6EA0295AD06C0058FB0D /* RMCharacterViewController.swift */,
				FF0E6EA2295AD0920058FB0D /* RMLocationViewController.swift */,
				FF0E6EA4295AD0AA0058FB0D /* RMEpisodeViewController.swift */,
				FF0E6EA6295AD0C20058FB0D /* RMSettiingViewController.swift */,
			);
			path = Core;
			sourceTree = "<group>";
		};
/* End PBXGroup section */

/* Begin PBXNativeTarget section */
		FF0E6E77295ACAF00058FB0D /* RickAndMocky */ = {
			isa = PBXNativeTarget;
			buildConfigurationList = FF0E6E8C295ACAF50058FB0D /* Build configuration list for PBXNativeTarget "RickAndMocky" */;
			buildPhases = (
				FF0E6E74295ACAF00058FB0D /* Sources */,
				FF0E6E75295ACAF00058FB0D /* Frameworks */,
				FF0E6E76295ACAF00058FB0D /* Resources */,
			);
			buildRules = (
			);
			dependencies = (
			);
			name = RickAndMocky;
			productName = RickAndMocky;
			productReference = FF0E6E78295ACAF00058FB0D /* RickAndMocky.app */;
			productType = "com.apple.product-type.application";
		};
/* End PBXNativeTarget section */

/* Begin PBXProject section */
		FF0E6E70295ACAEF0058FB0D /* Project object */ = {
			isa = PBXProject;
			attributes = {
				BuildIndependentTargetsInParallel = 1;
				LastSwiftUpdateCheck = 1410;
				LastUpgradeCheck = 1410;
				TargetAttributes = {
					FF0E6E77295ACAF00058FB0D = {
						CreatedOnToolsVersion = 14.1;
					};
				};
			};
			buildConfigurationList = FF0E6E73295ACAEF0058FB0D /* Build configuration list for PBXProject "RickAndMocky" */;
			compatibilityVersion = "Xcode 14.0";
			developmentRegion = en;
			hasScannedForEncodings = 0;
			knownRegions = (
				en,
				Base,
			);
			mainGroup = FF0E6E6F295ACAEF0058FB0D;
			productRefGroup = FF0E6E79295ACAF00058FB0D /* Products */;
			projectDirPath = "";
			projectRoot = "";
			targets = (
				FF0E6E77295ACAF00058FB0D /* RickAndMocky */,
			);
		};
/* End PBXProject section */

/* Begin PBXResourcesBuildPhase section */
		FF0E6E76295ACAF00058FB0D /* Resources */ = {
			isa = PBXResourcesBuildPhase;
			buildActionMask = 2147483647;
			files = (
				FF0E6E88295ACAF50058FB0D /* LaunchScreen.storyboard in Resources */,
				FF0E6E85295ACAF50058FB0D /* Assets.xcassets in Resources */,
			);
			runOnlyForDeploymentPostprocessing = 0;
		};
/* End PBXResourcesBuildPhase section */

/* Begin PBXSourcesBuildPhase section */
		FF0E6E74295ACAF00058FB0D /* Sources */ = {
			isa = PBXSourcesBuildPhase;
			buildActionMask = 2147483647;
			files = (
				FF0E6EA7295AD0C20058FB0D /* RMSettiingViewController.swift in Sources */,
				FF0E6EA3295AD0930058FB0D /* RMLocationViewController.swift in Sources */,
				FF0E6E9C295ACF0B0058FB0D /* RMEpisode.swift in Sources */,
				FF0E6E80295ACAF00058FB0D /* RMTabViewController.swift in Sources */,
				FF0E6EA5295AD0AA0058FB0D /* RMEpisodeViewController.swift in Sources */,
				FF0E6E7C295ACAF00058FB0D /* AppDelegate.swift in Sources */,
				FF0E6E7E295ACAF00058FB0D /* SceneDelegate.swift in Sources */,
				FF0E6E98295ACED30058FB0D /* RMLocation.swift in Sources */,
				FF0E6E9A295ACEEC0058FB0D /* RMCharacter.swift in Sources */,
				FF0E6EA1295AD06C0058FB0D /* RMCharacterViewController.swift in Sources */,
			);
			runOnlyForDeploymentPostprocessing = 0;
		};
/* End PBXSourcesBuildPhase section */

/* Begin PBXVariantGroup section */
		FF0E6E86295ACAF50058FB0D /* LaunchScreen.storyboard */ = {
			isa = PBXVariantGroup;
			children = (
				FF0E6E87295ACAF50058FB0D /* Base */,
			);
			name = LaunchScreen.storyboard;
			sourceTree = "<group>";
		};
/* End PBXVariantGroup section */

/* Begin XCBuildConfiguration section */
		FF0E6E8A295ACAF50058FB0D /* Debug */ = {
			isa = XCBuildConfiguration;
			buildSettings = {
				ALWAYS_SEARCH_USER_PATHS = NO;
				CLANG_ANALYZER_NONNULL = YES;
				CLANG_ANALYZER_NUMBER_OBJECT_CONVERSION = YES_AGGRESSIVE;
				CLANG_CXX_LANGUAGE_STANDARD = "gnu++20";
				CLANG_ENABLE_MODULES = YES;
				CLANG_ENABLE_OBJC_ARC = YES;
				CLANG_ENABLE_OBJC_WEAK = YES;
				CLANG_WARN_BLOCK_CAPTURE_AUTORELEASING = YES;
				CLANG_WARN_BOOL_CONVERSION = YES;
				CLANG_WARN_COMMA = YES;
				CLANG_WARN_CONSTANT_CONVERSION = YES;
				CLANG_WARN_DEPRECATED_OBJC_IMPLEMENTATIONS = YES;
				CLANG_WARN_DIRECT_OBJC_ISA_USAGE = YES_ERROR;
				CLANG_WARN_DOCUMENTATION_COMMENTS = YES;
				CLANG_WARN_EMPTY_BODY = YES;
				CLANG_WARN_ENUM_CONVERSION = YES;
				CLANG_WARN_INFINITE_RECURSION = YES;
				CLANG_WARN_INT_CONVERSION = YES;
				CLANG_WARN_NON_LITERAL_NULL_CONVERSION = YES;
				CLANG_WARN_OBJC_IMPLICIT_RETAIN_SELF = YES;
				CLANG_WARN_OBJC_LITERAL_CONVERSION = YES;
				CLANG_WARN_OBJC_ROOT_CLASS = YES_ERROR;
				CLANG_WARN_QUOTED_INCLUDE_IN_FRAMEWORK_HEADER = YES;
				CLANG_WARN_RANGE_LOOP_ANALYSIS = YES;
				CLANG_WARN_STRICT_PROTOTYPES = YES;
				CLANG_WARN_SUSPICIOUS_MOVE = YES;
				CLANG_WARN_UNGUARDED_AVAILABILITY = YES_AGGRESSIVE;
				CLANG_WARN_UNREACHABLE_CODE = YES;
				CLANG_WARN__DUPLICATE_METHOD_MATCH = YES;
				COPY_PHASE_STRIP = NO;
				DEBUG_INFORMATION_FORMAT = dwarf;
				ENABLE_STRICT_OBJC_MSGSEND = YES;
				ENABLE_TESTABILITY = YES;
				GCC_C_LANGUAGE_STANDARD = gnu11;
				GCC_DYNAMIC_NO_PIC = NO;
				GCC_NO_COMMON_BLOCKS = YES;
				GCC_OPTIMIZATION_LEVEL = 0;
				GCC_PREPROCESSOR_DEFINITIONS = (
					"DEBUG=1",
					"$(inherited)",
				);
				GCC_WARN_64_TO_32_BIT_CONVERSION = YES;
				GCC_WARN_ABOUT_RETURN_TYPE = YES_ERROR;
				GCC_WARN_UNDECLARED_SELECTOR = YES;
				GCC_WARN_UNINITIALIZED_AUTOS = YES_AGGRESSIVE;
				GCC_WARN_UNUSED_FUNCTION = YES;
				GCC_WARN_UNUSED_VARIABLE = YES;
				IPHONEOS_DEPLOYMENT_TARGET = 16.1;
				MTL_ENABLE_DEBUG_INFO = INCLUDE_SOURCE;
				MTL_FAST_MATH = YES;
				ONLY_ACTIVE_ARCH = YES;
				SDKROOT = iphoneos;
				SWIFT_ACTIVE_COMPILATION_CONDITIONS = DEBUG;
				SWIFT_OPTIMIZATION_LEVEL = "-Onone";
			};
			name = Debug;
		};
		FF0E6E8B295ACAF50058FB0D /* Release */ = {
			isa = XCBuildConfiguration;
			buildSettings = {
				ALWAYS_SEARCH_USER_PATHS = NO;
				CLANG_ANALYZER_NONNULL = YES;
				CLANG_ANALYZER_NUMBER_OBJECT_CONVERSION = YES_AGGRESSIVE;
				CLANG_CXX_LANGUAGE_STANDARD = "gnu++20";
				CLANG_ENABLE_MODULES = YES;
				CLANG_ENABLE_OBJC_ARC = YES;
				CLANG_ENABLE_OBJC_WEAK = YES;
				CLANG_WARN_BLOCK_CAPTURE_AUTORELEASING = YES;
				CLANG_WARN_BOOL_CONVERSION = YES;
				CLANG_WARN_COMMA = YES;
				CLANG_WARN_CONSTANT_CONVERSION = YES;
				CLANG_WARN_DEPRECATED_OBJC_IMPLEMENTATIONS = YES;
				CLANG_WARN_DIRECT_OBJC_ISA_USAGE = YES_ERROR;
				CLANG_WARN_DOCUMENTATION_COMMENTS = YES;
				CLANG_WARN_EMPTY_BODY = YES;
				CLANG_WARN_ENUM_CONVERSION = YES;
				CLANG_WARN_INFINITE_RECURSION = YES;
				CLANG_WARN_INT_CONVERSION = YES;
				CLANG_WARN_NON_LITERAL_NULL_CONVERSION = YES;
				CLANG_WARN_OBJC_IMPLICIT_RETAIN_SELF = YES;
				CLANG_WARN_OBJC_LITERAL_CONVERSION = YES;
				CLANG_WARN_OBJC_ROOT_CLASS = YES_ERROR;
				CLANG_WARN_QUOTED_INCLUDE_IN_FRAMEWORK_HEADER = YES;
				CLANG_WARN_RANGE_LOOP_ANALYSIS = YES;
				CLANG_WARN_STRICT_PROTOTYPES = YES;
				CLANG_WARN_SUSPICIOUS_MOVE = YES;
				CLANG_WARN_UNGUARDED_AVAILABILITY = YES_AGGRESSIVE;
				CLANG_WARN_UNREACHABLE_CODE = YES;
				CLANG_WARN__DUPLICATE_METHOD_MATCH = YES;
				COPY_PHASE_STRIP = NO;
				DEBUG_INFORMATION_FORMAT = "dwarf-with-dsym";
				ENABLE_NS_ASSERTIONS = NO;
				ENABLE_STRICT_OBJC_MSGSEND = YES;
				GCC_C_LANGUAGE_STANDARD = gnu11;
				GCC_NO_COMMON_BLOCKS = YES;
				GCC_WARN_64_TO_32_BIT_CONVERSION = YES;
				GCC_WARN_ABOUT_RETURN_TYPE = YES_ERROR;
				GCC_WARN_UNDECLARED_SELECTOR = YES;
				GCC_WARN_UNINITIALIZED_AUTOS = YES_AGGRESSIVE;
				GCC_WARN_UNUSED_FUNCTION = YES;
				GCC_WARN_UNUSED_VARIABLE = YES;
				IPHONEOS_DEPLOYMENT_TARGET = 16.1;
				MTL_ENABLE_DEBUG_INFO = NO;
				MTL_FAST_MATH = YES;
				SDKROOT = iphoneos;
				SWIFT_COMPILATION_MODE = wholemodule;
				SWIFT_OPTIMIZATION_LEVEL = "-O";
				VALIDATE_PRODUCT = YES;
			};
			name = Release;
		};
		FF0E6E8D295ACAF50058FB0D /* Debug */ = {
			isa = XCBuildConfiguration;
			buildSettings = {
				ASSETCATALOG_COMPILER_APPICON_NAME = AppIcon;
				ASSETCATALOG_COMPILER_GLOBAL_ACCENT_COLOR_NAME = AccentColor;
				CODE_SIGN_STYLE = Automatic;
				CURRENT_PROJECT_VERSION = 1;
				DEVELOPMENT_TEAM = 5Z7S7M5YQM;
				GENERATE_INFOPLIST_FILE = YES;
				INFOPLIST_FILE = RickAndMocky/Info.plist;
				INFOPLIST_KEY_UIApplicationSupportsIndirectInputEvents = YES;
				INFOPLIST_KEY_UILaunchStoryboardName = LaunchScreen;
				INFOPLIST_KEY_UISupportedInterfaceOrientations_iPad = "UIInterfaceOrientationPortrait UIInterfaceOrientationPortraitUpsideDown UIInterfaceOrientationLandscapeLeft UIInterfaceOrientationLandscapeRight";
				INFOPLIST_KEY_UISupportedInterfaceOrientations_iPhone = "UIInterfaceOrientationPortrait UIInterfaceOrientationLandscapeLeft UIInterfaceOrientationLandscapeRight";
				LD_RUNPATH_SEARCH_PATHS = (
					"$(inherited)",
					"@executable_path/Frameworks",
				);
				MARKETING_VERSION = 1.0;
				PRODUCT_BUNDLE_IDENTIFIER = "Victor-Kabike.RickAndMocky";
				PRODUCT_NAME = "$(TARGET_NAME)";
				SWIFT_EMIT_LOC_STRINGS = YES;
				SWIFT_VERSION = 5.0;
				TARGETED_DEVICE_FAMILY = "1,2";
			};
			name = Debug;
		};
		FF0E6E8E295ACAF50058FB0D /* Release */ = {
			isa = XCBuildConfiguration;
			buildSettings = {
				ASSETCATALOG_COMPILER_APPICON_NAME = AppIcon;
				ASSETCATALOG_COMPILER_GLOBAL_ACCENT_COLOR_NAME = AccentColor;
				CODE_SIGN_STYLE = Automatic;
				CURRENT_PROJECT_VERSION = 1;
				DEVELOPMENT_TEAM = 5Z7S7M5YQM;
				GENERATE_INFOPLIST_FILE = YES;
				INFOPLIST_FILE = RickAndMocky/Info.plist;
				INFOPLIST_KEY_UIApplicationSupportsIndirectInputEvents = YES;
				INFOPLIST_KEY_UILaunchStoryboardName = LaunchScreen;
				INFOPLIST_KEY_UISupportedInterfaceOrientations_iPad = "UIInterfaceOrientationPortrait UIInterfaceOrientationPortraitUpsideDown UIInterfaceOrientationLandscapeLeft UIInterfaceOrientationLandscapeRight";
				INFOPLIST_KEY_UISupportedInterfaceOrientations_iPhone = "UIInterfaceOrientationPortrait UIInterfaceOrientationLandscapeLeft UIInterfaceOrientationLandscapeRight";
				LD_RUNPATH_SEARCH_PATHS = (
					"$(inherited)",
					"@executable_path/Frameworks",
				);
				MARKETING_VERSION = 1.0;
				PRODUCT_BUNDLE_IDENTIFIER = "Victor-Kabike.RickAndMocky";
				PRODUCT_NAME = "$(TARGET_NAME)";
				SWIFT_EMIT_LOC_STRINGS = YES;
				SWIFT_VERSION = 5.0;
				TARGETED_DEVICE_FAMILY = "1,2";
			};
			name = Release;
		};
/* End XCBuildConfiguration section */

/* Begin XCConfigurationList section */
		FF0E6E73295ACAEF0058FB0D /* Build configuration list for PBXProject "RickAndMocky" */ = {
			isa = XCConfigurationList;
			buildConfigurations = (
				FF0E6E8A295ACAF50058FB0D /* Debug */,
				FF0E6E8B295ACAF50058FB0D /* Release */,
			);
			defaultConfigurationIsVisible = 0;
			defaultConfigurationName = Release;
		};
		FF0E6E8C295ACAF50058FB0D /* Build configuration list for PBXNativeTarget "RickAndMocky" */ = {
			isa = XCConfigurationList;
			buildConfigurations = (
				FF0E6E8D295ACAF50058FB0D /* Debug */,
				FF0E6E8E295ACAF50058FB0D /* Release */,
			);
			defaultConfigurationIsVisible = 0;
			defaultConfigurationName = Release;
		};
/* End XCConfigurationList section */
	};
	rootObject = FF0E6E70295ACAEF0058FB0D /* Project object */;
}
